
Microsoft Visual Studio Solution File, Format Version 12.00
# Visual Studio Version 16
VisualStudioVersion = 16.0.30804.86
MinimumVisualStudioVersion = 10.0.40219.1
Project("{FAE04EC0-301F-11D3-BF4B-00C04F79EFBC}") = "AspNetCoreWithEF", "AspNetCoreWithEF\AspNetCoreWithEF.csproj", "{18023EA9-B437-47DF-A64F-BFDFFDC7D1D1}"
EndProject
Global
	GlobalSection(SolutionConfigurationPlatforms) = preSolution
		Debug|Any CPU = Debug|Any CPU
		Release|Any CPU = Release|Any CPU
	EndGlobalSection
	GlobalSection(ProjectConfigurationPlatforms) = postSolution
		{18023EA9-B437-47DF-A64F-BFDFFDC7D1D1}.Debug|Any CPU.ActiveCfg = Debug|Any CPU
		{18023EA9-B437-47DF-A64F-BFDFFDC7D1D1}.Debug|Any CPU.Build.0 = Debug|Any CPU
		{18023EA9-B437-47DF-A64F-BFDFFDC7D1D1}.Release|Any CPU.ActiveCfg = Release|Any CPU
		{18023EA9-B437-47DF-A64F-BFDFFDC7D1D1}.Release|Any CPU.Build.0 = Release|Any CPU
	EndGlobalSection
	GlobalSection(SolutionProperties) = preSolution
		HideSolutionNode = FALSE
	EndGlobalSection
	GlobalSection(ExtensibilityGlobals) = postSolution
		SolutionGuid = {1769F820-0013-4E70-823E-2B7B81D366E2}
	EndGlobalSection
EndGlobal
